
Microsoft Visual Studio Solution File, Format Version 12.00
# Visual Studio Version 16
VisualStudioVersion = 16.0.29519.87
MinimumVisualStudioVersion = 10.0.40219.1
Project("{9A19103F-16F7-4668-BE54-9A1E7A4F7556}") = "NewsBlogApp", "FileUploadSample2\NewsBlogApp.csproj", "{976C724B-36D6-4D95-A4BA-FB9476CCE1B0}"
EndProject
Global
	GlobalSection(SolutionConfigurationPlatforms) = preSolution
		Debug|Any CPU = Debug|Any CPU
		Release|Any CPU = Release|Any CPU
	EndGlobalSection
	GlobalSection(ProjectConfigurationPlatforms) = postSolution
		{976C724B-36D6-4D95-A4BA-FB9476CCE1B0}.Debug|Any CPU.ActiveCfg = Debug|Any CPU
		{976C724B-36D6-4D95-A4BA-FB9476CCE1B0}.Debug|Any CPU.Build.0 = Debug|Any CPU
		{976C724B-36D6-4D95-A4BA-FB9476CCE1B0}.Release|Any CPU.ActiveCfg = Release|Any CPU
		{976C724B-36D6-4D95-A4BA-FB9476CCE1B0}.Release|Any CPU.Build.0 = Release|Any CPU
	EndGlobalSection
	GlobalSection(SolutionProperties) = preSolution
		HideSolutionNode = FALSE
	EndGlobalSection
	GlobalSection(ExtensibilityGlobals) = postSolution
		SolutionGuid = {47299F24-62C3-4978-A30A-C12A77918E77}
	EndGlobalSection
EndGlobal
